
Microsoft Visual Studio Solution File, Format Version 10.00
# Visual Studio 2008
Project("{F184B08F-C81C-45F6-A57F-5ABD9991F28F}") = "Wordo", "Wordo\Wordo.vbproj", "{53C54068-C137-4E2F-BB98-8CD4742DEE97}"
EndProject
Project("{F184B08F-C81C-45F6-A57F-5ABD9991F28F}") = "DictionaryProject", "DictionaryProject\DictionaryProject.vbproj", "{A96107BA-17D8-4ACD-A38A-293A32F22C8F}"
EndProject
Project("{930C7802-8A8C-48F9-8165-68863BCCD9DD}") = "WordBuilderInstall", "WordBuillderInstall\WordBuilderInstall.wixproj", "{3A95D072-0E18-43C9-B239-28A1606B72A2}"
EndProject
Project("{F184B08F-C81C-45F6-A57F-5ABD9991F28F}") = "InkScapeWordBuilder", "InkScapeWordBuilder\InkScapeWordBuilder.vbproj", "{C8A2791C-CD16-4D1B-B2CF-6D0F8DD54CDC}"
EndProject
Project("{F184B08F-C81C-45F6-A57F-5ABD9991F28F}") = "WordBuilder2", "WordBuilder2\WordBuilder2.vbproj", "{3E3333DF-BF25-4459-B00E-AED2E4ABD218}"
EndProject
Project("{F184B08F-C81C-45F6-A57F-5ABD9991F28F}") = "WheeControls", "WheeControls\WheeControls.vbproj", "{B0C3E9E2-17D8-465C-8A88-787A2971F6D1}"
EndProject
Project("{F184B08F-C81C-45F6-A57F-5ABD9991F28F}") = "DictionaryData", "DictionaryData\DictionaryData.vbproj", "{8B630243-267E-4AD5-9D68-4FD8DE48AAFC}"
EndProject
Project("{2150E333-8FDC-42A3-9474-1A3956D46DE8}") = "Solution Items", "Solution Items", "{795B4116-BD62-4106-94DA-3DCC9DA1BF05}"
	ProjectSection(SolutionItems) = preProject
		SolutionInfo.vb = SolutionInfo.vb
	EndProjectSection
EndProject
Global
	GlobalSection(SolutionConfigurationPlatforms) = preSolution
		Debug|Any CPU = Debug|Any CPU
		Debug|Mixed Platforms = Debug|Mixed Platforms
		Debug|x86 = Debug|x86
		Release|Any CPU = Release|Any CPU
		Release|Mixed Platforms = Release|Mixed Platforms
		Release|x86 = Release|x86
	EndGlobalSection
	GlobalSection(ProjectConfigurationPlatforms) = postSolution
		{53C54068-C137-4E2F-BB98-8CD4742DEE97}.Debug|Any CPU.ActiveCfg = Debug|Any CPU
		{53C54068-C137-4E2F-BB98-8CD4742DEE97}.Debug|Any CPU.Build.0 = Debug|Any CPU
		{53C54068-C137-4E2F-BB98-8CD4742DEE97}.Debug|Mixed Platforms.ActiveCfg = Debug|Any CPU
		{53C54068-C137-4E2F-BB98-8CD4742DEE97}.Debug|Mixed Platforms.Build.0 = Debug|Any CPU
		{53C54068-C137-4E2F-BB98-8CD4742DEE97}.Debug|x86.ActiveCfg = Debug|Any CPU
		{53C54068-C137-4E2F-BB98-8CD4742DEE97}.Release|Any CPU.ActiveCfg = Release|Any CPU
		{53C54068-C137-4E2F-BB98-8CD4742DEE97}.Release|Any CPU.Build.0 = Release|Any CPU
		{53C54068-C137-4E2F-BB98-8CD4742DEE97}.Release|Mixed Platforms.ActiveCfg = Release|Any CPU
		{53C54068-C137-4E2F-BB98-8CD4742DEE97}.Release|Mixed Platforms.Build.0 = Release|Any CPU
		{53C54068-C137-4E2F-BB98-8CD4742DEE97}.Release|x86.ActiveCfg = Release|Any CPU
		{A96107BA-17D8-4ACD-A38A-293A32F22C8F}.Debug|Any CPU.ActiveCfg = Debug|Any CPU
		{A96107BA-17D8-4ACD-A38A-293A32F22C8F}.Debug|Any CPU.Build.0 = Debug|Any CPU
		{A96107BA-17D8-4ACD-A38A-293A32F22C8F}.Debug|Mixed Platforms.ActiveCfg = Debug|Any CPU
		{A96107BA-17D8-4ACD-A38A-293A32F22C8F}.Debug|Mixed Platforms.Build.0 = Debug|Any CPU
		{A96107BA-17D8-4ACD-A38A-293A32F22C8F}.Debug|x86.ActiveCfg = Debug|Any CPU
		{A96107BA-17D8-4ACD-A38A-293A32F22C8F}.Release|Any CPU.ActiveCfg = Release|Any CPU
		{A96107BA-17D8-4ACD-A38A-293A32F22C8F}.Release|Any CPU.Build.0 = Release|Any CPU
		{A96107BA-17D8-4ACD-A38A-293A32F22C8F}.Release|Mixed Platforms.ActiveCfg = Release|Any CPU
		{A96107BA-17D8-4ACD-A38A-293A32F22C8F}.Release|Mixed Platforms.Build.0 = Release|Any CPU
		{A96107BA-17D8-4ACD-A38A-293A32F22C8F}.Release|x86.ActiveCfg = Release|Any CPU
		{3A95D072-0E18-43C9-B239-28A1606B72A2}.Debug|Any CPU.ActiveCfg = Debug|x86
		{3A95D072-0E18-43C9-B239-28A1606B72A2}.Debug|Mixed Platforms.ActiveCfg = Debug|x86
		{3A95D072-0E18-43C9-B239-28A1606B72A2}.Debug|Mixed Platforms.Build.0 = Debug|x86
		{3A95D072-0E18-43C9-B239-28A1606B72A2}.Debug|x86.ActiveCfg = Debug|x86
		{3A95D072-0E18-43C9-B239-28A1606B72A2}.Debug|x86.Build.0 = Debug|x86
		{3A95D072-0E18-43C9-B239-28A1606B72A2}.Release|Any CPU.ActiveCfg = Release|x86
		{3A95D072-0E18-43C9-B239-28A1606B72A2}.Release|Mixed Platforms.ActiveCfg = Release|x86
		{3A95D072-0E18-43C9-B239-28A1606B72A2}.Release|Mixed Platforms.Build.0 = Release|x86
		{3A95D072-0E18-43C9-B239-28A1606B72A2}.Release|x86.ActiveCfg = Release|x86
		{3A95D072-0E18-43C9-B239-28A1606B72A2}.Release|x86.Build.0 = Release|x86
		{C8A2791C-CD16-4D1B-B2CF-6D0F8DD54CDC}.Debug|Any CPU.ActiveCfg = Debug|Any CPU
		{C8A2791C-CD16-4D1B-B2CF-6D0F8DD54CDC}.Debug|Any CPU.Build.0 = Debug|Any CPU
		{C8A2791C-CD16-4D1B-B2CF-6D0F8DD54CDC}.Debug|Mixed Platforms.ActiveCfg = Debug|Any CPU
		{C8A2791C-CD16-4D1B-B2CF-6D0F8DD54CDC}.Debug|Mixed Platforms.Build.0 = Debug|Any CPU
		{C8A2791C-CD16-4D1B-B2CF-6D0F8DD54CDC}.Debug|x86.ActiveCfg = Debug|Any CPU
		{C8A2791C-CD16-4D1B-B2CF-6D0F8DD54CDC}.Release|Any CPU.ActiveCfg = Release|Any CPU
		{C8A2791C-CD16-4D1B-B2CF-6D0F8DD54CDC}.Release|Any CPU.Build.0 = Release|Any CPU
		{C8A2791C-CD16-4D1B-B2CF-6D0F8DD54CDC}.Release|Mixed Platforms.ActiveCfg = Release|Any CPU
		{C8A2791C-CD16-4D1B-B2CF-6D0F8DD54CDC}.Release|Mixed Platforms.Build.0 = Release|Any CPU
		{C8A2791C-CD16-4D1B-B2CF-6D0F8DD54CDC}.Release|x86.ActiveCfg = Release|Any CPU
		{3E3333DF-BF25-4459-B00E-AED2E4ABD218}.Debug|Any CPU.ActiveCfg = Debug|Any CPU
		{3E3333DF-BF25-4459-B00E-AED2E4ABD218}.Debug|Any CPU.Build.0 = Debug|Any CPU
		{3E3333DF-BF25-4459-B00E-AED2E4ABD218}.Debug|Mixed Platforms.ActiveCfg = Debug|Any CPU
		{3E3333DF-BF25-4459-B00E-AED2E4ABD218}.Debug|Mixed Platforms.Build.0 = Debug|Any CPU
		{3E3333DF-BF25-4459-B00E-AED2E4ABD218}.Debug|x86.ActiveCfg = Debug|Any CPU
		{3E3333DF-BF25-4459-B00E-AED2E4ABD218}.Release|Any CPU.ActiveCfg = Release|Any CPU
		{3E3333DF-BF25-4459-B00E-AED2E4ABD218}.Release|Any CPU.Build.0 = Release|Any CPU
		{3E3333DF-BF25-4459-B00E-AED2E4ABD218}.Release|Mixed Platforms.ActiveCfg = Release|Any CPU
		{3E3333DF-BF25-4459-B00E-AED2E4ABD218}.Release|Mixed Platforms.Build.0 = Release|Any CPU
		{3E3333DF-BF25-4459-B00E-AED2E4ABD218}.Release|x86.ActiveCfg = Release|Any CPU
		{B0C3E9E2-17D8-465C-8A88-787A2971F6D1}.Debug|Any CPU.ActiveCfg = Debug|Any CPU
		{B0C3E9E2-17D8-465C-8A88-787A2971F6D1}.Debug|Any CPU.Build.0 = Debug|Any CPU
		{B0C3E9E2-17D8-465C-8A88-787A2971F6D1}.Debug|Mixed Platforms.ActiveCfg = Debug|Any CPU
		{B0C3E9E2-17D8-465C-8A88-787A2971F6D1}.Debug|Mixed Platforms.Build.0 = Debug|Any CPU
		{B0C3E9E2-17D8-465C-8A88-787A2971F6D1}.Debug|x86.ActiveCfg = Debug|Any CPU
		{B0C3E9E2-17D8-465C-8A88-787A2971F6D1}.Release|Any CPU.ActiveCfg = Release|Any CPU
		{B0C3E9E2-17D8-465C-8A88-787A2971F6D1}.Release|Any CPU.Build.0 = Release|Any CPU
		{B0C3E9E2-17D8-465C-8A88-787A2971F6D1}.Release|Mixed Platforms.ActiveCfg = Release|Any CPU
		{B0C3E9E2-17D8-465C-8A88-787A2971F6D1}.Release|Mixed Platforms.Build.0 = Release|Any CPU
		{B0C3E9E2-17D8-465C-8A88-787A2971F6D1}.Release|x86.ActiveCfg = Release|Any CPU
		{8B630243-267E-4AD5-9D68-4FD8DE48AAFC}.Debug|Any CPU.ActiveCfg = Debug|Any CPU
		{8B630243-267E-4AD5-9D68-4FD8DE48AAFC}.Debug|Any CPU.Build.0 = Debug|Any CPU
		{8B630243-267E-4AD5-9D68-4FD8DE48AAFC}.Debug|Mixed Platforms.ActiveCfg = Debug|Any CPU
		{8B630243-267E-4AD5-9D68-4FD8DE48AAFC}.Debug|Mixed Platforms.Build.0 = Debug|Any CPU
		{8B630243-267E-4AD5-9D68-4FD8DE48AAFC}.Debug|x86.ActiveCfg = Debug|Any CPU
		{8B630243-267E-4AD5-9D68-4FD8DE48AAFC}.Release|Any CPU.ActiveCfg = Release|Any CPU
		{8B630243-267E-4AD5-9D68-4FD8DE48AAFC}.Release|Any CPU.Build.0 = Release|Any CPU
		{8B630243-267E-4AD5-9D68-4FD8DE48AAFC}.Release|Mixed Platforms.ActiveCfg = Release|Any CPU
		{8B630243-267E-4AD5-9D68-4FD8DE48AAFC}.Release|Mixed Platforms.Build.0 = Release|Any CPU
		{8B630243-267E-4AD5-9D68-4FD8DE48AAFC}.Release|x86.ActiveCfg = Release|Any CPU
	EndGlobalSection
	GlobalSection(SolutionProperties) = preSolution
		HideSolutionNode = FALSE
	EndGlobalSection
EndGlobal
