
Microsoft Visual Studio Solution File, Format Version 10.00
# Visual Studio 2008
Project("{F184B08F-C81C-45F6-A57F-5ABD9991F28F}") = "WordBuilderM", "WordBuilderM.vbproj", "{8723D52F-24E6-4AD8-8CA6-B0FC5CC0FEFF}"
EndProject
Project("{9344bdbb-3e7f-41fc-a0dd-8665d75ee146}") = "Packages", "Packages.mdproj", "{D38F52E2-52DC-4261-A93F-70CE0DA57875}"
EndProject
Project("{9344bdbb-3e7f-41fc-a0dd-8665d75ee146}") = "WordBuilderMTranslation", "WordBuilderMTranslation\WordBuilderMTranslation.mdproj", "{9556E461-39BD-4DCB-BFC9-6DE9B0BB7C6C}"
EndProject
Project("{F184B08F-C81C-45F6-A57F-5ABD9991F28F}") = "DictionaryProject", "..\DictionaryProject\DictionaryProject.vbproj", "{A96107BA-17D8-4ACD-A38A-293A32F22C8F}"
EndProject
Project("{F184B08F-C81C-45F6-A57F-5ABD9991F28F}") = "WBuilder", "WBuilder\WBuilder.vbproj", "{08314065-195E-4967-B948-4E5A40C36E99}"
EndProject
Project("{F184B08F-C81C-45F6-A57F-5ABD9991F28F}") = "WordBuilderProject", "..\WordBuilderProject\WordBuilderProject.vbproj", "{55A8B702-0D9C-42B5-AF92-E404C9984533}"
EndProject
Global
	GlobalSection(SolutionConfigurationPlatforms) = preSolution
		Debug|x86 = Debug|x86
		Release|x86 = Release|x86
	EndGlobalSection
	GlobalSection(ProjectConfigurationPlatforms) = postSolution
		{08314065-195E-4967-B948-4E5A40C36E99}.Debug|x86.ActiveCfg = Debug|x86
		{08314065-195E-4967-B948-4E5A40C36E99}.Debug|x86.Build.0 = Debug|x86
		{08314065-195E-4967-B948-4E5A40C36E99}.Release|x86.ActiveCfg = Release|x86
		{08314065-195E-4967-B948-4E5A40C36E99}.Release|x86.Build.0 = Release|x86
		{55A8B702-0D9C-42B5-AF92-E404C9984533}.Debug|x86.ActiveCfg = Debug|x86
		{55A8B702-0D9C-42B5-AF92-E404C9984533}.Debug|x86.Build.0 = Debug|x86
		{55A8B702-0D9C-42B5-AF92-E404C9984533}.Release|x86.ActiveCfg = Release|x86
		{55A8B702-0D9C-42B5-AF92-E404C9984533}.Release|x86.Build.0 = Release|x86
		{8723D52F-24E6-4AD8-8CA6-B0FC5CC0FEFF}.Debug|x86.ActiveCfg = Debug|x86
		{8723D52F-24E6-4AD8-8CA6-B0FC5CC0FEFF}.Debug|x86.Build.0 = Debug|x86
		{8723D52F-24E6-4AD8-8CA6-B0FC5CC0FEFF}.Release|x86.ActiveCfg = Release|x86
		{8723D52F-24E6-4AD8-8CA6-B0FC5CC0FEFF}.Release|x86.Build.0 = Release|x86
		{9556E461-39BD-4DCB-BFC9-6DE9B0BB7C6C}.Debug|x86.ActiveCfg = Debug|Any CPU
		{9556E461-39BD-4DCB-BFC9-6DE9B0BB7C6C}.Release|x86.ActiveCfg = Release|Any CPU
		{A96107BA-17D8-4ACD-A38A-293A32F22C8F}.Debug|x86.ActiveCfg = Debug|Any CPU
		{A96107BA-17D8-4ACD-A38A-293A32F22C8F}.Debug|x86.Build.0 = Debug|Any CPU
		{A96107BA-17D8-4ACD-A38A-293A32F22C8F}.Release|x86.ActiveCfg = Release|Any CPU
		{A96107BA-17D8-4ACD-A38A-293A32F22C8F}.Release|x86.Build.0 = Release|Any CPU
		{D38F52E2-52DC-4261-A93F-70CE0DA57875}.Debug|x86.ActiveCfg = Debug|Any CPU
		{D38F52E2-52DC-4261-A93F-70CE0DA57875}.Release|x86.ActiveCfg = Release|Any CPU
	EndGlobalSection
	GlobalSection(MonoDevelopProperties) = preSolution
		StartupItem = WBuilder\WBuilder.vbproj
		Policies = $0
		$0.DotNetNamingPolicy = $1
		$1.DirectoryNamespaceAssociation = None
		$1.ResourceNamePolicy = FileFormatDefault
		$0.TextStylePolicy = $2
		$2.inheritsSet = null
		$2.scope = text/x-vb
		$0.TextStylePolicy = $3
		$3.FileWidth = 120
		$3.TabWidth = 4
		$3.inheritsSet = Mono
		$3.inheritsScope = text/plain
		$3.scope = text/plain
		version = 1.0
	EndGlobalSection
EndGlobal
