
Microsoft Visual Studio Solution File, Format Version 10.00
# Visual Studio 2008
Project("{FAE04EC0-301F-11D3-BF4B-00C04F79EFBC}") = "monowordbuilder", "monowordbuilder.csproj", "{06518BDB-7EAB-488B-80A2-E23BC493E3A3}"
EndProject
Project("{FAE04EC0-301F-11D3-BF4B-00C04F79EFBC}") = "gtkwordbuilder", "..\gtkwordbuilder\gtkwordbuilder.csproj", "{13DD6E14-228D-4E4B-8853-0E74DEC85FE1}"
EndProject
Project("{9344bdbb-3e7f-41fc-a0dd-8665d75ee146}") = "Packages", "Packages.mdproj", "{A19E3FD2-E223-4CEE-BC8D-0E18ECBBEB03}"
EndProject
Global
	GlobalSection(SolutionConfigurationPlatforms) = preSolution
		Debug|x86 = Debug|x86
		Release|x86 = Release|x86
	EndGlobalSection
	GlobalSection(ProjectConfigurationPlatforms) = postSolution
		{06518BDB-7EAB-488B-80A2-E23BC493E3A3}.Debug|x86.ActiveCfg = Debug|x86
		{06518BDB-7EAB-488B-80A2-E23BC493E3A3}.Debug|x86.Build.0 = Debug|x86
		{06518BDB-7EAB-488B-80A2-E23BC493E3A3}.Release|x86.ActiveCfg = Release|x86
		{06518BDB-7EAB-488B-80A2-E23BC493E3A3}.Release|x86.Build.0 = Release|x86
		{13DD6E14-228D-4E4B-8853-0E74DEC85FE1}.Debug|x86.ActiveCfg = Debug|x86
		{13DD6E14-228D-4E4B-8853-0E74DEC85FE1}.Debug|x86.Build.0 = Debug|x86
		{13DD6E14-228D-4E4B-8853-0E74DEC85FE1}.Release|x86.ActiveCfg = Release|x86
		{13DD6E14-228D-4E4B-8853-0E74DEC85FE1}.Release|x86.Build.0 = Release|x86
		{A19E3FD2-E223-4CEE-BC8D-0E18ECBBEB03}.Debug|x86.ActiveCfg = Debug|Any CPU
		{A19E3FD2-E223-4CEE-BC8D-0E18ECBBEB03}.Release|x86.ActiveCfg = Release|Any CPU
	EndGlobalSection
	GlobalSection(MonoDevelopProperties) = preSolution
		StartupItem = monowordbuilder.csproj
	EndGlobalSection
EndGlobal
