
Microsoft Visual Studio Solution File, Format Version 12.00
# Visual Studio 2008
Project("{FAE04EC0-301F-11D3-BF4B-00C04F79EFBC}") = "test", "test\test.csproj", "{CD4D4718-76EA-460F-8519-2DC7C86AF117}"
EndProject
Project("{FAE04EC0-301F-11D3-BF4B-00C04F79EFBC}") = "wordbuilderbase", "wordbuilderbase\wordbuilderbase.csproj", "{443D90FC-817F-4D32-AF69-092E5A6EE944}"
EndProject
Project("{FAE04EC0-301F-11D3-BF4B-00C04F79EFBC}") = "gtkwordbuilder", "gtkwordbuilder\gtkwordbuilder.csproj", "{13DD6E14-228D-4E4B-8853-0E74DEC85FE1}"
EndProject
Project("{FAE04EC0-301F-11D3-BF4B-00C04F79EFBC}") = "cocoawordbuilder", "cocoawordbuilder\cocoawordbuilder.csproj", "{B3B7767C-C742-482D-8C4A-1D90285DCA8E}"
EndProject
Global
	GlobalSection(SolutionConfigurationPlatforms) = preSolution
		Debug|Any CPU = Debug|Any CPU
		Debug|Mixed Platforms = Debug|Mixed Platforms
		Debug|x86 = Debug|x86
		Release|Any CPU = Release|Any CPU
		Release|Mixed Platforms = Release|Mixed Platforms
		Release|x86 = Release|x86
	EndGlobalSection
	GlobalSection(ProjectConfigurationPlatforms) = postSolution
		{13DD6E14-228D-4E4B-8853-0E74DEC85FE1}.Debug|Any CPU.ActiveCfg = Debug|x86
		{13DD6E14-228D-4E4B-8853-0E74DEC85FE1}.Debug|Mixed Platforms.ActiveCfg = Debug|x86
		{13DD6E14-228D-4E4B-8853-0E74DEC85FE1}.Debug|Mixed Platforms.Build.0 = Debug|x86
		{13DD6E14-228D-4E4B-8853-0E74DEC85FE1}.Debug|x86.ActiveCfg = Debug|x86
		{13DD6E14-228D-4E4B-8853-0E74DEC85FE1}.Debug|x86.Build.0 = Debug|x86
		{13DD6E14-228D-4E4B-8853-0E74DEC85FE1}.Release|Any CPU.ActiveCfg = Release|x86
		{13DD6E14-228D-4E4B-8853-0E74DEC85FE1}.Release|Mixed Platforms.ActiveCfg = Release|x86
		{13DD6E14-228D-4E4B-8853-0E74DEC85FE1}.Release|Mixed Platforms.Build.0 = Release|x86
		{13DD6E14-228D-4E4B-8853-0E74DEC85FE1}.Release|x86.ActiveCfg = Release|x86
		{13DD6E14-228D-4E4B-8853-0E74DEC85FE1}.Release|x86.Build.0 = Release|x86
		{443D90FC-817F-4D32-AF69-092E5A6EE944}.Debug|Any CPU.ActiveCfg = Debug|Any CPU
		{443D90FC-817F-4D32-AF69-092E5A6EE944}.Debug|Any CPU.Build.0 = Debug|Any CPU
		{443D90FC-817F-4D32-AF69-092E5A6EE944}.Debug|Mixed Platforms.ActiveCfg = Debug|Any CPU
		{443D90FC-817F-4D32-AF69-092E5A6EE944}.Debug|Mixed Platforms.Build.0 = Debug|Any CPU
		{443D90FC-817F-4D32-AF69-092E5A6EE944}.Debug|x86.ActiveCfg = Debug|Any CPU
		{443D90FC-817F-4D32-AF69-092E5A6EE944}.Debug|x86.Build.0 = Debug|Any CPU
		{443D90FC-817F-4D32-AF69-092E5A6EE944}.Release|Any CPU.ActiveCfg = Release|Any CPU
		{443D90FC-817F-4D32-AF69-092E5A6EE944}.Release|Any CPU.Build.0 = Release|Any CPU
		{443D90FC-817F-4D32-AF69-092E5A6EE944}.Release|Mixed Platforms.ActiveCfg = Release|Any CPU
		{443D90FC-817F-4D32-AF69-092E5A6EE944}.Release|Mixed Platforms.Build.0 = Release|Any CPU
		{443D90FC-817F-4D32-AF69-092E5A6EE944}.Release|x86.ActiveCfg = Release|Any CPU
		{443D90FC-817F-4D32-AF69-092E5A6EE944}.Release|x86.Build.0 = Release|Any CPU
		{B3B7767C-C742-482D-8C4A-1D90285DCA8E}.Debug|Any CPU.ActiveCfg = Debug|x86
		{B3B7767C-C742-482D-8C4A-1D90285DCA8E}.Debug|Any CPU.Build.0 = Debug|x86
		{B3B7767C-C742-482D-8C4A-1D90285DCA8E}.Debug|Mixed Platforms.ActiveCfg = Debug|x86
		{B3B7767C-C742-482D-8C4A-1D90285DCA8E}.Debug|Mixed Platforms.Build.0 = Debug|x86
		{B3B7767C-C742-482D-8C4A-1D90285DCA8E}.Debug|x86.ActiveCfg = Debug|x86
		{B3B7767C-C742-482D-8C4A-1D90285DCA8E}.Debug|x86.Build.0 = Debug|x86
		{B3B7767C-C742-482D-8C4A-1D90285DCA8E}.Release|Any CPU.ActiveCfg = Release|x86
		{B3B7767C-C742-482D-8C4A-1D90285DCA8E}.Release|Any CPU.Build.0 = Release|x86
		{B3B7767C-C742-482D-8C4A-1D90285DCA8E}.Release|Mixed Platforms.ActiveCfg = Release|x86
		{B3B7767C-C742-482D-8C4A-1D90285DCA8E}.Release|Mixed Platforms.Build.0 = Release|x86
		{B3B7767C-C742-482D-8C4A-1D90285DCA8E}.Release|x86.ActiveCfg = Release|x86
		{B3B7767C-C742-482D-8C4A-1D90285DCA8E}.Release|x86.Build.0 = Release|x86
		{CD4D4718-76EA-460F-8519-2DC7C86AF117}.Debug|Any CPU.ActiveCfg = Debug|Any CPU
		{CD4D4718-76EA-460F-8519-2DC7C86AF117}.Debug|Any CPU.Build.0 = Debug|Any CPU
		{CD4D4718-76EA-460F-8519-2DC7C86AF117}.Debug|Mixed Platforms.ActiveCfg = Debug|Any CPU
		{CD4D4718-76EA-460F-8519-2DC7C86AF117}.Debug|Mixed Platforms.Build.0 = Debug|Any CPU
		{CD4D4718-76EA-460F-8519-2DC7C86AF117}.Debug|x86.ActiveCfg = Debug|Any CPU
		{CD4D4718-76EA-460F-8519-2DC7C86AF117}.Debug|x86.Build.0 = Debug|Any CPU
		{CD4D4718-76EA-460F-8519-2DC7C86AF117}.Release|Any CPU.ActiveCfg = Release|Any CPU
		{CD4D4718-76EA-460F-8519-2DC7C86AF117}.Release|Any CPU.Build.0 = Release|Any CPU
		{CD4D4718-76EA-460F-8519-2DC7C86AF117}.Release|Mixed Platforms.ActiveCfg = Release|Any CPU
		{CD4D4718-76EA-460F-8519-2DC7C86AF117}.Release|Mixed Platforms.Build.0 = Release|Any CPU
		{CD4D4718-76EA-460F-8519-2DC7C86AF117}.Release|x86.ActiveCfg = Release|Any CPU
		{CD4D4718-76EA-460F-8519-2DC7C86AF117}.Release|x86.Build.0 = Release|Any CPU
	EndGlobalSection
	GlobalSection(MonoDevelopProperties) = preSolution
		StartupItem = gtkwordbuilder\gtkwordbuilder.csproj
	EndGlobalSection
	GlobalSection(SolutionProperties) = preSolution
		HideSolutionNode = FALSE
	EndGlobalSection
EndGlobal
